
Microsoft Visual Studio Solution File, Format Version 12.00
# Visual Studio Version 17
VisualStudioVersion = 17.3.32901.215
MinimumVisualStudioVersion = 10.0.40219.1
Project("{FAE04EC0-301F-11D3-BF4B-00C04F79EFBC}") = "The cool Library", "The cool Library.csproj", "{EC6FAB3F-E230-4489-B1FB-B9DCC2FB087F}"
EndProject
Global
	GlobalSection(SolutionConfigurationPlatforms) = preSolution
		Debug|Any CPU = Debug|Any CPU
		Release|Any CPU = Release|Any CPU
	EndGlobalSection
	GlobalSection(ProjectConfigurationPlatforms) = postSolution
		{EC6FAB3F-E230-4489-B1FB-B9DCC2FB087F}.Debug|Any CPU.ActiveCfg = Debug|Any CPU
		{EC6FAB3F-E230-4489-B1FB-B9DCC2FB087F}.Debug|Any CPU.Build.0 = Debug|Any CPU
		{EC6FAB3F-E230-4489-B1FB-B9DCC2FB087F}.Release|Any CPU.ActiveCfg = Release|Any CPU
		{EC6FAB3F-E230-4489-B1FB-B9DCC2FB087F}.Release|Any CPU.Build.0 = Release|Any CPU
	EndGlobalSection
	GlobalSection(SolutionProperties) = preSolution
		HideSolutionNode = FALSE
	EndGlobalSection
	GlobalSection(ExtensibilityGlobals) = postSolution
		SolutionGuid = {52004DF3-64BD-435B-82F3-05B93630E23B}
	EndGlobalSection
EndGlobal
